
Microsoft Visual Studio Solution File, Format Version 12.00
# Visual Studio 15
VisualStudioVersion = 15.0.27130.2036
MinimumVisualStudioVersion = 10.0.40219.1
Project("{FAE04EC0-301F-11D3-BF4B-00C04F79EFBC}") = "SimpleGrapicsEditor", "SimpleGrapicsEditor\SimpleGrapicsEditor.csproj", "{B5A0A37E-8E25-42D4-8E73-FDEF2ADD4C25}"
EndProject
Project("{2150E333-8FDC-42A3-9474-1A3956D46DE8}") = "Solution Items", "Solution Items", "{C20D8630-67EC-4975-8469-4D8D998D67C3}"
	ProjectSection(SolutionItems) = preProject
		README.md = README.md
	EndProjectSection
EndProject
Project("{FAE04EC0-301F-11D3-BF4B-00C04F79EFBC}") = "ShapeBasis", "ShapeBasis\ShapeBasis.csproj", "{68A4C534-C1B9-4A70-A5AD-5B00E52F8E90}"
EndProject
Project("{FAE04EC0-301F-11D3-BF4B-00C04F79EFBC}") = "ShapePlugins", "ShapePlugins\ShapePlugins.csproj", "{661C1376-C631-475F-A7D0-53B29C7A1E7D}"
EndProject
Global
	GlobalSection(SolutionConfigurationPlatforms) = preSolution
		Debug|Any CPU = Debug|Any CPU
		Release|Any CPU = Release|Any CPU
	EndGlobalSection
	GlobalSection(ProjectConfigurationPlatforms) = postSolution
		{B5A0A37E-8E25-42D4-8E73-FDEF2ADD4C25}.Debug|Any CPU.ActiveCfg = Debug|Any CPU
		{B5A0A37E-8E25-42D4-8E73-FDEF2ADD4C25}.Debug|Any CPU.Build.0 = Debug|Any CPU
		{B5A0A37E-8E25-42D4-8E73-FDEF2ADD4C25}.Release|Any CPU.ActiveCfg = Release|Any CPU
		{B5A0A37E-8E25-42D4-8E73-FDEF2ADD4C25}.Release|Any CPU.Build.0 = Release|Any CPU
		{68A4C534-C1B9-4A70-A5AD-5B00E52F8E90}.Debug|Any CPU.ActiveCfg = Debug|Any CPU
		{68A4C534-C1B9-4A70-A5AD-5B00E52F8E90}.Debug|Any CPU.Build.0 = Debug|Any CPU
		{68A4C534-C1B9-4A70-A5AD-5B00E52F8E90}.Release|Any CPU.ActiveCfg = Release|Any CPU
		{68A4C534-C1B9-4A70-A5AD-5B00E52F8E90}.Release|Any CPU.Build.0 = Release|Any CPU
		{661C1376-C631-475F-A7D0-53B29C7A1E7D}.Debug|Any CPU.ActiveCfg = Debug|Any CPU
		{661C1376-C631-475F-A7D0-53B29C7A1E7D}.Debug|Any CPU.Build.0 = Debug|Any CPU
		{661C1376-C631-475F-A7D0-53B29C7A1E7D}.Release|Any CPU.ActiveCfg = Release|Any CPU
		{661C1376-C631-475F-A7D0-53B29C7A1E7D}.Release|Any CPU.Build.0 = Release|Any CPU
	EndGlobalSection
	GlobalSection(SolutionProperties) = preSolution
		HideSolutionNode = FALSE
	EndGlobalSection
	GlobalSection(ExtensibilityGlobals) = postSolution
		SolutionGuid = {C961049A-6F98-4CB6-880A-790D574C0EDF}
	EndGlobalSection
EndGlobal
